<?xml version="1.0" encoding="utf-8"?>
<Project ToolsVersion="4.0" xmlns="http://schemas.microsoft.com/developer/msbuild/2003">
  <ItemGroup>
    <Filter Include="Backup - Nov 25">
      <UniqueIdentifier>{02C6D078-6E51-3E3D-7762-C131E36C9A3D}</UniqueIdentifier>
    </Filter>
  </ItemGroup>
  <ItemGroup>
    <ClInclude Include="src\BPSWindows.h" />
    <ClInclude Include="src\BetterPrntScreen.h" />
    <ClInclude Include="src\ISystem.h" />
    <ClInclude Include="src\Logger.h" />
    <ClInclude Include="src\Network.h" />
    <ClInclude Include="src\Utilities.h" />
    <ClInclude Include="src\Window.h" />
    <ClInclude Include="INotifyIcon.h" />
    <ClInclude Include="src\BPSWindowsNotifyIcon.h" />
  </ItemGroup>
  <ItemGroup>
    <ClCompile Include="src\Application.cpp" />
    <ClCompile Include="src\BPSWindows.cpp" />
    <ClCompile Include="src\Logger.cpp" />
    <ClCompile Include="src\Network.cpp" />
    <ClCompile Include="src\Utilities.cpp" />
    <ClCompile Include="src\Window.cpp" />
    <ClCompile Include="src\BPSWindowsNotifyIcon.cpp" />
    <ClCompile Include="src\ISystem.cpp" />
  </ItemGroup>
</Project>